
Microsoft Visual Studio Solution File, Format Version 12.00
# Visual Studio 15
VisualStudioVersion = 15.0.28010.2050
MinimumVisualStudioVersion = 10.0.40219.1
Project("{FAE04EC0-301F-11D3-BF4B-00C04F79EFBC}") = "WindowsFormsApp3", "WindowsFormsApp3\WindowsFormsApp3.csproj", "{B0E1F571-7E21-4427-A8A9-580374CC1C4E}"
EndProject
Project("{54435603-DBB4-11D2-8724-00A0C9A8B90C}") = "DrawingBoard", "DrawingBoard\DrawingBoard.vdproj", "{4172D381-5F5F-495B-9C6A-4958B48A451E}"
EndProject
Global
	GlobalSection(SolutionConfigurationPlatforms) = preSolution
		Debug|Any CPU = Debug|Any CPU
		Release|Any CPU = Release|Any CPU
	EndGlobalSection
	GlobalSection(ProjectConfigurationPlatforms) = postSolution
		{B0E1F571-7E21-4427-A8A9-580374CC1C4E}.Debug|Any CPU.ActiveCfg = Debug|Any CPU
		{B0E1F571-7E21-4427-A8A9-580374CC1C4E}.Debug|Any CPU.Build.0 = Debug|Any CPU
		{B0E1F571-7E21-4427-A8A9-580374CC1C4E}.Release|Any CPU.ActiveCfg = Release|Any CPU
		{B0E1F571-7E21-4427-A8A9-580374CC1C4E}.Release|Any CPU.Build.0 = Release|Any CPU
		{4172D381-5F5F-495B-9C6A-4958B48A451E}.Debug|Any CPU.ActiveCfg = Debug
		{4172D381-5F5F-495B-9C6A-4958B48A451E}.Release|Any CPU.ActiveCfg = Release
	EndGlobalSection
	GlobalSection(SolutionProperties) = preSolution
		HideSolutionNode = FALSE
	EndGlobalSection
	GlobalSection(ExtensibilityGlobals) = postSolution
		SolutionGuid = {B902A7E4-3752-459A-986D-96ED46620609}
	EndGlobalSection
EndGlobal
